{
  "name": "svelte-desktop",
  "lockfileVersion": 3,
  "requires": true,
  "packages": {
    "": {
      "dependencies": {
        "@lucide/svelte": "^0.577.0",
        "@skeletonlabs/skeleton-svelte": "^4.12.1"
      }
    },
    "node_modules/@floating-ui/core": {
      "version": "1.7.5",
      "resolved": "https://registry.npmjs.org/@floating-ui/core/-/core-1.7.5.tgz",
      "integrity": "sha512-1Ih4WTWyw0+lKyFMcBHGbb5U5FtuHJuujoyyr5zTaWS5EYMeT6Jb2AuDeftsCsEuchO+mM2ij5+q9crhydzLhQ==",
      "license": "MIT",
      "dependencies": {
        "@floating-ui/utils": "^0.2.11"
      }
    },
    "node_modules/@floating-ui/dom": {
      "version": "1.7.6",
      "resolved": "https://registry.npmjs.org/@floating-ui/dom/-/dom-1.7.6.tgz",
      "integrity": "sha512-9gZSAI5XM36880PPMm//9dfiEngYoC6Am2izES1FF406YFsjvyBMmeJ2g4SAju3xWwtuynNRFL2s9hgxpLI5SQ==",
      "license": "MIT",
      "dependencies": {
        "@floating-ui/core": "^1.7.5",
        "@floating-ui/utils": "^0.2.11"
      }
    },
    "node_modules/@floating-ui/utils": {
      "version": "0.2.11",
      "resolved": "https://registry.npmjs.org/@floating-ui/utils/-/utils-0.2.11.tgz",
      "integrity": "sha512-RiB/yIh78pcIxl6lLMG0CgBXAZ2Y0eVHqMPYugu+9U0AeT6YBeiJpf7lbdJNIugFP5SIjwNRgo4DhR1Qxi26Gg==",
      "license": "MIT"
    },
    "node_modules/@internationalized/date": {
      "version": "3.11.0",
      "resolved": "https://registry.npmjs.org/@internationalized/date/-/date-3.11.0.tgz",
      "integrity": "sha512-BOx5huLAWhicM9/ZFs84CzP+V3gBW6vlpM02yzsdYC7TGlZJX1OJiEEHcSayF00Z+3jLlm4w79amvSt6RqKN3Q==",
      "license": "Apache-2.0",
      "dependencies": {
        "@swc/helpers": "^0.5.0"
      }
    },
    "node_modules/@jridgewell/gen-mapping": {
      "version": "0.3.13",
      "resolved": "https://registry.npmjs.org/@jridgewell/gen-mapping/-/gen-mapping-0.3.13.tgz",
      "integrity": "sha512-2kkt/7niJ6MgEPxF0bYdQ6etZaA+fQvDcLKckhy1yIQOzaoKjBBjSj63/aLVjYE3qhRt5dvM+uUyfCg6UKCBbA==",
      "license": "MIT",
      "peer": true,
      "dependencies": {
        "@jridgewell/sourcemap-codec": "^1.5.0",
        "@jridgewell/trace-mapping": "^0.3.24"
      }
    },
    "node_modules/@jridgewell/remapping": {
      "version": "2.3.5",
      "resolved": "https://registry.npmjs.org/@jridgewell/remapping/-/remapping-2.3.5.tgz",
      "integrity": "sha512-LI9u/+laYG4Ds1TDKSJW2YPrIlcVYOwi2fUC6xB43lueCjgxV4lffOCZCtYFiH6TNOX+tQKXx97T4IKHbhyHEQ==",
      "license": "MIT",
      "peer": true,
      "dependencies": {
        "@jridgewell/gen-mapping": "^0.3.5",
        "@jridgewell/trace-mapping": "^0.3.24"
      }
    },
    "node_modules/@jridgewell/resolve-uri": {
      "version": "3.1.2",
      "resolved": "https://registry.npmjs.org/@jridgewell/resolve-uri/-/resolve-uri-3.1.2.tgz",
      "integrity": "sha512-bRISgCIjP20/tbWSPWMEi54QVPRZExkuD9lJL+UIxUKtwVJA8wW1Trb1jMs1RFXo1CBTNZ/5hpC9QvmKWdopKw==",
      "license": "MIT",
      "peer": true,
      "engines": {
        "node": ">=6.0.0"
      }
    },
    "node_modules/@jridgewell/sourcemap-codec": {
      "version": "1.5.5",
      "resolved": "https://registry.npmjs.org/@jridgewell/sourcemap-codec/-/sourcemap-codec-1.5.5.tgz",
      "integrity": "sha512-cYQ9310grqxueWbl+WuIUIaiUaDcj7WOq5fVhEljNVgRfOUhY9fy2zTvfoqWsnebh8Sl70VScFbICvJnLKB0Og==",
      "license": "MIT",
      "peer": true
    },
    "node_modules/@jridgewell/trace-mapping": {
      "version": "0.3.31",
      "resolved": "https://registry.npmjs.org/@jridgewell/trace-mapping/-/trace-mapping-0.3.31.tgz",
      "integrity": "sha512-zzNR+SdQSDJzc8joaeP8QQoCQr8NuYx2dIIytl1QeBEZHJ9uW6hebsrYgbz8hJwUQao3TWCMtmfV8Nu1twOLAw==",
      "license": "MIT",
      "peer": true,
      "dependencies": {
        "@jridgewell/resolve-uri": "^3.1.0",
        "@jridgewell/sourcemap-codec": "^1.4.14"
      }
    },
    "node_modules/@lucide/svelte": {
      "version": "0.577.0",
      "resolved": "https://registry.npmjs.org/@lucide/svelte/-/svelte-0.577.0.tgz",
      "integrity": "sha512-0P6mkySd2MapIEgq08tADPmcN4DHndC/02PWwaLkOerXlx5Sv9aT4BxyXLIY+eccr0g/nEyCYiJesqS61YdBZQ==",
      "license": "ISC",
      "peerDependencies": {
        "svelte": "^5"
      }
    },
    "node_modules/@skeletonlabs/skeleton-common": {
      "version": "4.12.1",
      "resolved": "https://registry.npmjs.org/@skeletonlabs/skeleton-common/-/skeleton-common-4.12.1.tgz",
      "integrity": "sha512-Auy+fCoxQcTj+4AnfUXyecxkmAcBZV2X8dR6QFzog32KxmUNOJQZxVp6qVg37NuQndNvIj3odcsZl0cKCIFeEw==",
      "license": "MIT"
    },
    "node_modules/@skeletonlabs/skeleton-svelte": {
      "version": "4.12.1",
      "resolved": "https://registry.npmjs.org/@skeletonlabs/skeleton-svelte/-/skeleton-svelte-4.12.1.tgz",
      "integrity": "sha512-6NFh6JoojN2zYTUzFxdzS4utb2CSCo3e1NkzBYLEEJpmgZ/p3papkL+/fVJocExdJc9S9Cotmj0XRDNdU39mjw==",
      "license": "MIT",
      "dependencies": {
        "@internationalized/date": "3.11.0",
        "@skeletonlabs/skeleton-common": "4.12.1",
        "@zag-js/accordion": "1.34.1",
        "@zag-js/avatar": "1.34.1",
        "@zag-js/carousel": "1.34.1",
        "@zag-js/collapsible": "1.34.1",
        "@zag-js/collection": "1.34.1",
        "@zag-js/combobox": "1.34.1",
        "@zag-js/date-picker": "1.34.1",
        "@zag-js/dialog": "1.34.1",
        "@zag-js/file-upload": "1.34.1",
        "@zag-js/floating-panel": "1.34.1",
        "@zag-js/listbox": "1.34.1",
        "@zag-js/menu": "1.34.1",
        "@zag-js/pagination": "1.34.1",
        "@zag-js/popover": "1.34.1",
        "@zag-js/progress": "1.34.1",
        "@zag-js/radio-group": "1.34.1",
        "@zag-js/rating-group": "1.34.1",
        "@zag-js/slider": "1.34.1",
        "@zag-js/steps": "1.34.1",
        "@zag-js/svelte": "1.34.1",
        "@zag-js/switch": "1.34.1",
        "@zag-js/tabs": "1.34.1",
        "@zag-js/tags-input": "1.34.1",
        "@zag-js/toast": "1.34.1",
        "@zag-js/toggle-group": "1.34.1",
        "@zag-js/tooltip": "1.34.1",
        "@zag-js/tree-view": "1.34.1"
      },
      "peerDependencies": {
        "svelte": "^5.29.0"
      }
    },
    "node_modules/@sveltejs/acorn-typescript": {
      "version": "1.0.9",
      "resolved": "https://registry.npmjs.org/@sveltejs/acorn-typescript/-/acorn-typescript-1.0.9.tgz",
      "integrity": "sha512-lVJX6qEgs/4DOcRTpo56tmKzVPtoWAaVbL4hfO7t7NVwl9AAXzQR6cihesW1BmNMPl+bK6dreu2sOKBP2Q9CIA==",
      "license": "MIT",
      "peer": true,
      "peerDependencies": {
        "acorn": "^8.9.0"
      }
    },
    "node_modules/@swc/helpers": {
      "version": "0.5.19",
      "resolved": "https://registry.npmjs.org/@swc/helpers/-/helpers-0.5.19.tgz",
      "integrity": "sha512-QamiFeIK3txNjgUTNppE6MiG3p7TdninpZu0E0PbqVh1a9FNLT2FRhisaa4NcaX52XVhA5l7Pk58Ft7Sqi/2sA==",
      "license": "Apache-2.0",
      "dependencies": {
        "tslib": "^2.8.0"
      }
    },
    "node_modules/@types/estree": {
      "version": "1.0.8",
      "resolved": "https://registry.npmjs.org/@types/estree/-/estree-1.0.8.tgz",
      "integrity": "sha512-dWHzHa2WqEXI/O1E9OjrocMTKJl2mSrEolh1Iomrv6U+JuNwaHXsXx9bLu5gG7BUWFIN0skIQJQ/L1rIex4X6w==",
      "license": "MIT",
      "peer": true
    },
    "node_modules/@types/trusted-types": {
      "version": "2.0.7",
      "resolved": "https://registry.npmjs.org/@types/trusted-types/-/trusted-types-2.0.7.tgz",
      "integrity": "sha512-ScaPdn1dQczgbl0QFTeTOmVHFULt394XJgOQNoyVhZ6r2vLnMLJfBPd53SB52T/3G36VI1/g2MZaX0cwDuXsfw==",
      "license": "MIT",
      "peer": true
    },
    "node_modules/@zag-js/accordion": {
      "version": "1.34.1",
      "resolved": "https://registry.npmjs.org/@zag-js/accordion/-/accordion-1.34.1.tgz",
      "integrity": "sha512-FEk9iBwoCkbs96386MfKG7fKZ6uAnID/ppkYFs3FatTf79liJi6cQekWuOxhDPwpmbndCBNSO+eRJgsN1DWGxw==",
      "license": "MIT",
      "dependencies": {
        "@zag-js/anatomy": "1.34.1",
        "@zag-js/core": "1.34.1",
        "@zag-js/dom-query": "1.34.1",
        "@zag-js/types": "1.34.1",
        "@zag-js/utils": "1.34.1"
      }
    },
    "node_modules/@zag-js/anatomy": {
      "version": "1.34.1",
      "resolved": "https://registry.npmjs.org/@zag-js/anatomy/-/anatomy-1.34.1.tgz",
      "integrity": "sha512-FQuhlB5ggZvC2AKy52qITBe8Q8GCHdO+tsSY0A7kOe1C3wDnZNRCKtiNfkcIlEc3uP+alMhF/7xn09N7XXOTcQ==",
      "license": "MIT"
    },
    "node_modules/@zag-js/aria-hidden": {
      "version": "1.34.1",
      "resolved": "https://registry.npmjs.org/@zag-js/aria-hidden/-/aria-hidden-1.34.1.tgz",
      "integrity": "sha512-3oO8T4ezzZI+DSDTaPZ4ZE6wdzHqywlz2Q6sqwjnsE46NcmlnZkaFgDPJCNPH56tXLsB7uE7A6KXLYxQrLf6fw==",
      "license": "MIT",
      "dependencies": {
        "@zag-js/dom-query": "1.34.1"
      }
    },
    "node_modules/@zag-js/auto-resize": {
      "version": "1.34.1",
      "resolved": "https://registry.npmjs.org/@zag-js/auto-resize/-/auto-resize-1.34.1.tgz",
      "integrity": "sha512-jBOPBB/ILpVX1Craw/0ng2rlWDsBDTwXa9Nt/QFg2fJ0F5GYbye874/2kQQyroiEB7g2KGLgEAhmZt/7SHS8JA==",
      "license": "MIT",
      "dependencies": {
        "@zag-js/dom-query": "1.34.1"
      }
    },
    "node_modules/@zag-js/avatar": {
      "version": "1.34.1",
      "resolved": "https://registry.npmjs.org/@zag-js/avatar/-/avatar-1.34.1.tgz",
      "integrity": "sha512-O7Bt02kZiTozNsEaWWgGYyTOU3wFejQIQl1Y0bYEeFbBQ2y75pmffhK9792UW6oZ+nwQ+s/0/kAMkzZWSl3qww==",
      "license": "MIT",
      "dependencies": {
        "@zag-js/anatomy": "1.34.1",
        "@zag-js/core": "1.34.1",
        "@zag-js/dom-query": "1.34.1",
        "@zag-js/types": "1.34.1",
        "@zag-js/utils": "1.34.1"
      }
    },
    "node_modules/@zag-js/carousel": {
      "version": "1.34.1",
      "resolved": "https://registry.npmjs.org/@zag-js/carousel/-/carousel-1.34.1.tgz",
      "integrity": "sha512-aKOXJCslU8HoPp54sNv0tQraVG00fq9qL/ZwmZAzKw6G2kLtHaHtxBunQMRVrVGCYxXqsdoHWGikKT9PJWIICg==",
      "license": "MIT",
      "dependencies": {
        "@zag-js/anatomy": "1.34.1",
        "@zag-js/core": "1.34.1",
        "@zag-js/dom-query": "1.34.1",
        "@zag-js/scroll-snap": "1.34.1",
        "@zag-js/types": "1.34.1",
        "@zag-js/utils": "1.34.1"
      }
    },
    "node_modules/@zag-js/collapsible": {
      "version": "1.34.1",
      "resolved": "https://registry.npmjs.org/@zag-js/collapsible/-/collapsible-1.34.1.tgz",
      "integrity": "sha512-1u32Zz/shcmxPbPsXuiIc5D9eIoZdpFoLuzlUzGlutBzq7zoavmMVIGmSevBEn12a6vhk/dPoiz2+OAKXi+2ww==",
      "license": "MIT",
      "dependencies": {
        "@zag-js/anatomy": "1.34.1",
        "@zag-js/core": "1.34.1",
        "@zag-js/dom-query": "1.34.1",
        "@zag-js/types": "1.34.1",
        "@zag-js/utils": "1.34.1"
      }
    },
    "node_modules/@zag-js/collection": {
      "version": "1.34.1",
      "resolved": "https://registry.npmjs.org/@zag-js/collection/-/collection-1.34.1.tgz",
      "integrity": "sha512-C61BL3cFyEfPCsPKeWshc8l7D3igqySPksVtmfzHhxcnlOxgVkBBpik7JF/cYk9yU6pHB6bCRzRgPDziiyOHLQ==",
      "license": "MIT",
      "dependencies": {
        "@zag-js/utils": "1.34.1"
      }
    },
    "node_modules/@zag-js/combobox": {
      "version": "1.34.1",
      "resolved": "https://registry.npmjs.org/@zag-js/combobox/-/combobox-1.34.1.tgz",
      "integrity": "sha512-YzqOYbfh8vDmc/ewj3DetGHt0hwYuvDV/2BdCQJ5rLtLK8iLJuTB79x8l6QJBCi93BG64E7aY7Wa7jyK+1oILQ==",
      "license": "MIT",
      "dependencies": {
        "@zag-js/anatomy": "1.34.1",
        "@zag-js/aria-hidden": "1.34.1",
        "@zag-js/collection": "1.34.1",
        "@zag-js/core": "1.34.1",
        "@zag-js/dismissable": "1.34.1",
        "@zag-js/dom-query": "1.34.1",
        "@zag-js/focus-visible": "1.34.1",
        "@zag-js/popper": "1.34.1",
        "@zag-js/types": "1.34.1",
        "@zag-js/utils": "1.34.1"
      }
    },
    "node_modules/@zag-js/core": {
      "version": "1.34.1",
      "resolved": "https://registry.npmjs.org/@zag-js/core/-/core-1.34.1.tgz",
      "integrity": "sha512-GjOZOL/p0tsuH/koYR+mSoegs3JXpP0ZkFuidAf0R4zqklNSdTLzhb00CZHGZcdWCExhmG18YwpjbEx8eyfV5g==",
      "license": "MIT",
      "dependencies": {
        "@zag-js/dom-query": "1.34.1",
        "@zag-js/utils": "1.34.1"
      }
    },
    "node_modules/@zag-js/date-picker": {
      "version": "1.34.1",
      "resolved": "https://registry.npmjs.org/@zag-js/date-picker/-/date-picker-1.34.1.tgz",
      "integrity": "sha512-ubhpCRDf7vVXSvToJvnsnqjTB2hhbsYEaeIrwsHTFAFOETD15A5H/aC5PeiwCouLEbTQDiIoaDlOsNh57IO7XQ==",
      "license": "MIT",
      "dependencies": {
        "@zag-js/anatomy": "1.34.1",
        "@zag-js/core": "1.34.1",
        "@zag-js/date-utils": "1.34.1",
        "@zag-js/dismissable": "1.34.1",
        "@zag-js/dom-query": "1.34.1",
        "@zag-js/live-region": "1.34.1",
        "@zag-js/popper": "1.34.1",
        "@zag-js/types": "1.34.1",
        "@zag-js/utils": "1.34.1"
      },
      "peerDependencies": {
        "@internationalized/date": ">=3.0.0"
      }
    },
    "node_modules/@zag-js/date-utils": {
      "version": "1.34.1",
      "resolved": "https://registry.npmjs.org/@zag-js/date-utils/-/date-utils-1.34.1.tgz",
      "integrity": "sha512-UG0aooQXNWINlO8RWcBFv6aEHE1jAFKU4vNprh0nDOl61O0+j+lbV0qYushgyZ7O6aYSoI+tdb/Myv+BPqQxyg==",
      "license": "MIT",
      "peerDependencies": {
        "@internationalized/date": ">=3.0.0"
      }
    },
    "node_modules/@zag-js/dialog": {
      "version": "1.34.1",
      "resolved": "https://registry.npmjs.org/@zag-js/dialog/-/dialog-1.34.1.tgz",
      "integrity": "sha512-2PfuUhC2e0ouQ2s2F9qmeThwTMGptVCAMDNMh1ZOPeVzQLvnsIQDvcYHeb62BuKgYDeoUiz3Tz/ns/sV/VI1kw==",
      "license": "MIT",
      "dependencies": {
        "@zag-js/anatomy": "1.34.1",
        "@zag-js/aria-hidden": "1.34.1",
        "@zag-js/core": "1.34.1",
        "@zag-js/dismissable": "1.34.1",
        "@zag-js/dom-query": "1.34.1",
        "@zag-js/focus-trap": "1.34.1",
        "@zag-js/remove-scroll": "1.34.1",
        "@zag-js/types": "1.34.1",
        "@zag-js/utils": "1.34.1"
      }
    },
    "node_modules/@zag-js/dismissable": {
      "version": "1.34.1",
      "resolved": "https://registry.npmjs.org/@zag-js/dismissable/-/dismissable-1.34.1.tgz",
      "integrity": "sha512-7dj7G0Cl6Fu7IHENdLT1tFeePuq8BqxPT6xANdk66hnpVeyDKcrR3XjN+ChWpYxGIkeOfPGYsjRHx1kDiFv89g==",
      "license": "MIT",
      "dependencies": {
        "@zag-js/dom-query": "1.34.1",
        "@zag-js/interact-outside": "1.34.1",
        "@zag-js/utils": "1.34.1"
      }
    },
    "node_modules/@zag-js/dom-query": {
      "version": "1.34.1",
      "resolved": "https://registry.npmjs.org/@zag-js/dom-query/-/dom-query-1.34.1.tgz",
      "integrity": "sha512-7GaxMaShtWsGgsz9jPfi+aJSQrx7aVFnCi5edGet76Tcytv0MRTqFKUcpSCWu3W3znBt8tQO07Mu1SBSNQk07Q==",
      "license": "MIT",
      "dependencies": {
        "@zag-js/types": "1.34.1"
      }
    },
    "node_modules/@zag-js/file-upload": {
      "version": "1.34.1",
      "resolved": "https://registry.npmjs.org/@zag-js/file-upload/-/file-upload-1.34.1.tgz",
      "integrity": "sha512-lzAo3GUyHHfhRfQvlVDx7FERcCjJajyxEMuWQzOYd10jy62oaeBFkqyF2m6O3SZ6aMAiGyzR+sXpCWf/LRnxdQ==",
      "license": "MIT",
      "dependencies": {
        "@zag-js/anatomy": "1.34.1",
        "@zag-js/core": "1.34.1",
        "@zag-js/dom-query": "1.34.1",
        "@zag-js/file-utils": "1.34.1",
        "@zag-js/i18n-utils": "1.34.1",
        "@zag-js/types": "1.34.1",
        "@zag-js/utils": "1.34.1"
      }
    },
    "node_modules/@zag-js/file-utils": {
      "version": "1.34.1",
      "resolved": "https://registry.npmjs.org/@zag-js/file-utils/-/file-utils-1.34.1.tgz",
      "integrity": "sha512-fn6FoCg36hkFvn5MrMgs3kT9T+EADnPIV90hz2uyf1VmHq6BudYU13yhebqfY0vWHk7vGmXWkiZaemW5JkXbRA==",
      "license": "MIT",
      "dependencies": {
        "@zag-js/i18n-utils": "1.34.1"
      }
    },
    "node_modules/@zag-js/floating-panel": {
      "version": "1.34.1",
      "resolved": "https://registry.npmjs.org/@zag-js/floating-panel/-/floating-panel-1.34.1.tgz",
      "integrity": "sha512-2yreCW74MO047Yd3jjofFyJpbfd55E9TBw0Hh4W1kMPpWg8E3XnL4gWrYYKX6ycjeWNVNNvyAg1O/0qiM49fiA==",
      "license": "MIT",
      "dependencies": {
        "@zag-js/anatomy": "1.34.1",
        "@zag-js/core": "1.34.1",
        "@zag-js/dom-query": "1.34.1",
        "@zag-js/popper": "1.34.1",
        "@zag-js/rect-utils": "1.34.1",
        "@zag-js/store": "1.34.1",
        "@zag-js/types": "1.34.1",
        "@zag-js/utils": "1.34.1"
      }
    },
    "node_modules/@zag-js/focus-trap": {
      "version": "1.34.1",
      "resolved": "https://registry.npmjs.org/@zag-js/focus-trap/-/focus-trap-1.34.1.tgz",
      "integrity": "sha512-vfIC3diaYbdxDmKmNASZYx0RrNj6bG0InrIgQF0Kk/qI81FcK/VXQDjpXnnWC+yG2u3hG8h+6kbfgHtgoCuDjQ==",
      "license": "MIT",
      "dependencies": {
        "@zag-js/dom-query": "1.34.1"
      }
    },
    "node_modules/@zag-js/focus-visible": {
      "version": "1.34.1",
      "resolved": "https://registry.npmjs.org/@zag-js/focus-visible/-/focus-visible-1.34.1.tgz",
      "integrity": "sha512-Wvl/w6JpPU8DwEfq+I82yzlBX9mEp2o2k6DZc+3Kb3x/3oP8Jr0fCXdk+qWTvKekfVvDpM2vS1fjNNLfiOaQww==",
      "license": "MIT",
      "dependencies": {
        "@zag-js/dom-query": "1.34.1"
      }
    },
    "node_modules/@zag-js/i18n-utils": {
      "version": "1.34.1",
      "resolved": "https://registry.npmjs.org/@zag-js/i18n-utils/-/i18n-utils-1.34.1.tgz",
      "integrity": "sha512-LqBStUq24txCz0CFW1R9/kaSA3ZrB13DpRdQfZ+o8C8HxRokdUe8Nz0uxko8NtXgO8hput9CSs5+xKjg1buc2A==",
      "license": "MIT",
      "dependencies": {
        "@zag-js/dom-query": "1.34.1"
      }
    },
    "node_modules/@zag-js/interact-outside": {
      "version": "1.34.1",
      "resolved": "https://registry.npmjs.org/@zag-js/interact-outside/-/interact-outside-1.34.1.tgz",
      "integrity": "sha512-wQdOYVhPFyYPJUDPYXQc1tg8vdJGTG5xwTEdOGVG1DpVo87VNsdb0KjnWPZsfPQEUSkvJIXtbjopp/OLw4fFow==",
      "license": "MIT",
      "dependencies": {
        "@zag-js/dom-query": "1.34.1",
        "@zag-js/utils": "1.34.1"
      }
    },
    "node_modules/@zag-js/listbox": {
      "version": "1.34.1",
      "resolved": "https://registry.npmjs.org/@zag-js/listbox/-/listbox-1.34.1.tgz",
      "integrity": "sha512-0KcGH8lILd1fLO49VCl3nyalesm+Nvr6/oH6qflsbn+frM4JaDcF/S6gngtKXJ8Mzx+5Qua97uAvuk047Z0I/A==",
      "license": "MIT",
      "dependencies": {
        "@zag-js/anatomy": "1.34.1",
        "@zag-js/collection": "1.34.1",
        "@zag-js/core": "1.34.1",
        "@zag-js/dom-query": "1.34.1",
        "@zag-js/focus-visible": "1.34.1",
        "@zag-js/types": "1.34.1",
        "@zag-js/utils": "1.34.1"
      }
    },
    "node_modules/@zag-js/live-region": {
      "version": "1.34.1",
      "resolved": "https://registry.npmjs.org/@zag-js/live-region/-/live-region-1.34.1.tgz",
      "integrity": "sha512-0Heu0z0cBQQDA1289nm0wQM3+ybEuOSqpPffHQdRgaTtUWnG0xkw0jt8qq0A/tq2VIlwLnbNledE4dh1Y6KwhA==",
      "license": "MIT"
    },
    "node_modules/@zag-js/menu": {
      "version": "1.34.1",
      "resolved": "https://registry.npmjs.org/@zag-js/menu/-/menu-1.34.1.tgz",
      "integrity": "sha512-nhVM6dNf48QqeY0qzn6n5hTk8qbBM7FwnGAUJmGRx9nrrG1SpIpQ5sCxDcOwgI/Q2vMu+2ggmIiObvZKAqZkiA==",
      "license": "MIT",
      "dependencies": {
        "@zag-js/anatomy": "1.34.1",
        "@zag-js/core": "1.34.1",
        "@zag-js/dismissable": "1.34.1",
        "@zag-js/dom-query": "1.34.1",
        "@zag-js/focus-visible": "1.34.1",
        "@zag-js/popper": "1.34.1",
        "@zag-js/rect-utils": "1.34.1",
        "@zag-js/types": "1.34.1",
        "@zag-js/utils": "1.34.1"
      }
    },
    "node_modules/@zag-js/pagination": {
      "version": "1.34.1",
      "resolved": "https://registry.npmjs.org/@zag-js/pagination/-/pagination-1.34.1.tgz",
      "integrity": "sha512-lnQsu1TxiLUDYiIL5mng2dA5RtyBG4WkZeMCZXhk8gCe8wBJ4jbTe3KhPBAFALV9Lq4YCrV/DyhsCNWcoXGkyg==",
      "license": "MIT",
      "dependencies": {
        "@zag-js/anatomy": "1.34.1",
        "@zag-js/core": "1.34.1",
        "@zag-js/dom-query": "1.34.1",
        "@zag-js/types": "1.34.1",
        "@zag-js/utils": "1.34.1"
      }
    },
    "node_modules/@zag-js/popover": {
      "version": "1.34.1",
      "resolved": "https://registry.npmjs.org/@zag-js/popover/-/popover-1.34.1.tgz",
      "integrity": "sha512-zIbR0weo16mxOmsjwDCjyMvYZjZjSKSx00YnRinsZw388SzFYRQoKV1eEpHsms8SD6xPIcqfGqedv3oCOBss4Q==",
      "license": "MIT",
      "dependencies": {
        "@zag-js/anatomy": "1.34.1",
        "@zag-js/aria-hidden": "1.34.1",
        "@zag-js/core": "1.34.1",
        "@zag-js/dismissable": "1.34.1",
        "@zag-js/dom-query": "1.34.1",
        "@zag-js/focus-trap": "1.34.1",
        "@zag-js/popper": "1.34.1",
        "@zag-js/remove-scroll": "1.34.1",
        "@zag-js/types": "1.34.1",
        "@zag-js/utils": "1.34.1"
      }
    },
    "node_modules/@zag-js/popper": {
      "version": "1.34.1",
      "resolved": "https://registry.npmjs.org/@zag-js/popper/-/popper-1.34.1.tgz",
      "integrity": "sha512-e9xklP5YjfqS6sTSzezsRBdaD5ilMTQoEedAQecy16jstIAQsberctUYZVg8vRQubA9ukmv1JvaNbkVFclr13w==",
      "license": "MIT",
      "dependencies": {
        "@floating-ui/dom": "^1.7.5",
        "@zag-js/dom-query": "1.34.1",
        "@zag-js/utils": "1.34.1"
      }
    },
    "node_modules/@zag-js/progress": {
      "version": "1.34.1",
      "resolved": "https://registry.npmjs.org/@zag-js/progress/-/progress-1.34.1.tgz",
      "integrity": "sha512-w1/wTOuxOZLt+VttcyaBef/Us2DfS3omN+1c0Cyqu61VVPAfQj1cE05K8M52H2VkSMvpTjMqW23cAfX3nfGWig==",
      "license": "MIT",
      "dependencies": {
        "@zag-js/anatomy": "1.34.1",
        "@zag-js/core": "1.34.1",
        "@zag-js/dom-query": "1.34.1",
        "@zag-js/types": "1.34.1",
        "@zag-js/utils": "1.34.1"
      }
    },
    "node_modules/@zag-js/radio-group": {
      "version": "1.34.1",
      "resolved": "https://registry.npmjs.org/@zag-js/radio-group/-/radio-group-1.34.1.tgz",
      "integrity": "sha512-dRy7Z1zE2qwyyjI68icLBkPzM+ZzL0aAklFVc7kd/ejYxZfk6SrPoMjg3u22a34J2scxHwh/LdSuQFmauj4sAA==",
      "license": "MIT",
      "dependencies": {
        "@zag-js/anatomy": "1.34.1",
        "@zag-js/core": "1.34.1",
        "@zag-js/dom-query": "1.34.1",
        "@zag-js/focus-visible": "1.34.1",
        "@zag-js/types": "1.34.1",
        "@zag-js/utils": "1.34.1"
      }
    },
    "node_modules/@zag-js/rating-group": {
      "version": "1.34.1",
      "resolved": "https://registry.npmjs.org/@zag-js/rating-group/-/rating-group-1.34.1.tgz",
      "integrity": "sha512-ndvw9jHGYO1bYaYN4xL2z+zQimXoetPgems43YChbntOzfbSELYSXvdLG1KCll3Kti/caHgRT+yaodHcTvjN3w==",
      "license": "MIT",
      "dependencies": {
        "@zag-js/anatomy": "1.34.1",
        "@zag-js/core": "1.34.1",
        "@zag-js/dom-query": "1.34.1",
        "@zag-js/types": "1.34.1",
        "@zag-js/utils": "1.34.1"
      }
    },
    "node_modules/@zag-js/rect-utils": {
      "version": "1.34.1",
      "resolved": "https://registry.npmjs.org/@zag-js/rect-utils/-/rect-utils-1.34.1.tgz",
      "integrity": "sha512-ms81ltfYBsabzk6tqy+kheMAUkx9IB+AUt8sATWGgqSTemBuMv/dptCJt3+WbkQjc8NveuEWmq3S6w1KJ31gaQ==",
      "license": "MIT"
    },
    "node_modules/@zag-js/remove-scroll": {
      "version": "1.34.1",
      "resolved": "https://registry.npmjs.org/@zag-js/remove-scroll/-/remove-scroll-1.34.1.tgz",
      "integrity": "sha512-irnvF4cwoAidwdU4UsPQyhTivnY3V/ZBO9EW/zTJ78qm3sjkRDDZsKEVV2UstUEmvH1jcFFPp6eNoTVItsyJBg==",
      "license": "MIT",
      "dependencies": {
        "@zag-js/dom-query": "1.34.1"
      }
    },
    "node_modules/@zag-js/scroll-snap": {
      "version": "1.34.1",
      "resolved": "https://registry.npmjs.org/@zag-js/scroll-snap/-/scroll-snap-1.34.1.tgz",
      "integrity": "sha512-pvgbJ3tjKRM1LlF14QY5riV/KT2EYGfYY4Cl5QuONqjO0ergrRd0FxDzhiwqIthgXrDZOavMucr7yqCLrjVQQA==",
      "license": "MIT",
      "dependencies": {
        "@zag-js/dom-query": "1.34.1"
      }
    },
    "node_modules/@zag-js/slider": {
      "version": "1.34.1",
      "resolved": "https://registry.npmjs.org/@zag-js/slider/-/slider-1.34.1.tgz",
      "integrity": "sha512-mzM1IhbldUdaS9aBNdAJpA2B1uF0vdIeEv5X9Fcn8xD/u+o8RMiFomunJmMDwZ8VlSnODwomopOP5UVKI9J3SQ==",
      "license": "MIT",
      "dependencies": {
        "@zag-js/anatomy": "1.34.1",
        "@zag-js/core": "1.34.1",
        "@zag-js/dom-query": "1.34.1",
        "@zag-js/types": "1.34.1",
        "@zag-js/utils": "1.34.1"
      }
    },
    "node_modules/@zag-js/steps": {
      "version": "1.34.1",
      "resolved": "https://registry.npmjs.org/@zag-js/steps/-/steps-1.34.1.tgz",
      "integrity": "sha512-3MlrmND0MLrMXh1oXkDQkn3V4XuF5Li93wVVT7pvCT+VxnXgXUWGMT82IM2Edj/MA6DTbUqZtOEfFkcFw3aySw==",
      "license": "MIT",
      "dependencies": {
        "@zag-js/anatomy": "1.34.1",
        "@zag-js/core": "1.34.1",
        "@zag-js/dom-query": "1.34.1",
        "@zag-js/types": "1.34.1",
        "@zag-js/utils": "1.34.1"
      }
    },
    "node_modules/@zag-js/store": {
      "version": "1.34.1",
      "resolved": "https://registry.npmjs.org/@zag-js/store/-/store-1.34.1.tgz",
      "integrity": "sha512-127OWtrFKuS9HsbZITancVrydA9CpDHxyS5V+gDA7bnsNdw8kKx1H82oMh8Ok6hkDXvilhEB+g+UIOVeQD7RwQ==",
      "license": "MIT",
      "dependencies": {
        "proxy-compare": "3.0.1"
      }
    },
    "node_modules/@zag-js/svelte": {
      "version": "1.34.1",
      "resolved": "https://registry.npmjs.org/@zag-js/svelte/-/svelte-1.34.1.tgz",
      "integrity": "sha512-rPwCm40etbMEIXNmv91b807wlpuWdgRfqATttojnOEhs+jDmJwTTe9LH/jePyzjxA2cG+DIHv4Tf0BPiMenKMw==",
      "license": "MIT",
      "dependencies": {
        "@zag-js/core": "1.34.1",
        "@zag-js/types": "1.34.1",
        "@zag-js/utils": "1.34.1"
      },
      "peerDependencies": {
        "svelte": ">=5"
      }
    },
    "node_modules/@zag-js/switch": {
      "version": "1.34.1",
      "resolved": "https://registry.npmjs.org/@zag-js/switch/-/switch-1.34.1.tgz",
      "integrity": "sha512-yOibKwJ+/WZBxVBpiK7mFEFjz88rLCzAhYEr5Om52fsWPc7BbxZKBZw058e0yx5mEBXJUTXNebgp1fkmth7U9g==",
      "license": "MIT",
      "dependencies": {
        "@zag-js/anatomy": "1.34.1",
        "@zag-js/core": "1.34.1",
        "@zag-js/dom-query": "1.34.1",
        "@zag-js/focus-visible": "1.34.1",
        "@zag-js/types": "1.34.1",
        "@zag-js/utils": "1.34.1"
      }
    },
    "node_modules/@zag-js/tabs": {
      "version": "1.34.1",
      "resolved": "https://registry.npmjs.org/@zag-js/tabs/-/tabs-1.34.1.tgz",
      "integrity": "sha512-5qAz3jyawmfwpIjd5rNe10yae3YdZSaUu9bNk8ZzJXkXu+Sf69BO6M/k32+ZtAS1i+cku7ZXluza95CxA/Oshg==",
      "license": "MIT",
      "dependencies": {
        "@zag-js/anatomy": "1.34.1",
        "@zag-js/core": "1.34.1",
        "@zag-js/dom-query": "1.34.1",
        "@zag-js/types": "1.34.1",
        "@zag-js/utils": "1.34.1"
      }
    },
    "node_modules/@zag-js/tags-input": {
      "version": "1.34.1",
      "resolved": "https://registry.npmjs.org/@zag-js/tags-input/-/tags-input-1.34.1.tgz",
      "integrity": "sha512-6kgb9Ww+sgTi5kV0eoPE+uV42R2PCj4plUffNK+z4j3+km2T2jvp2/gvB6JKk0aV2NCzVzQ3lyk+Oy62sH6lyg==",
      "license": "MIT",
      "dependencies": {
        "@zag-js/anatomy": "1.34.1",
        "@zag-js/auto-resize": "1.34.1",
        "@zag-js/core": "1.34.1",
        "@zag-js/dom-query": "1.34.1",
        "@zag-js/interact-outside": "1.34.1",
        "@zag-js/live-region": "1.34.1",
        "@zag-js/types": "1.34.1",
        "@zag-js/utils": "1.34.1"
      }
    },
    "node_modules/@zag-js/toast": {
      "version": "1.34.1",
      "resolved": "https://registry.npmjs.org/@zag-js/toast/-/toast-1.34.1.tgz",
      "integrity": "sha512-Ad1QQ2aSbJUO+wDOLRAONrhhTsAm6YHwSxKnp4wMOvTw6UcBgRr2MeebrvYx/kwHa4UK/Y9L5rxoyRoTrk2mGg==",
      "license": "MIT",
      "dependencies": {
        "@zag-js/anatomy": "1.34.1",
        "@zag-js/core": "1.34.1",
        "@zag-js/dismissable": "1.34.1",
        "@zag-js/dom-query": "1.34.1",
        "@zag-js/types": "1.34.1",
        "@zag-js/utils": "1.34.1"
      }
    },
    "node_modules/@zag-js/toggle-group": {
      "version": "1.34.1",
      "resolved": "https://registry.npmjs.org/@zag-js/toggle-group/-/toggle-group-1.34.1.tgz",
      "integrity": "sha512-QDgABKDhz8EShqZoIK4NR0Ca2qDpOYAaClHlq4loyWqBhKSt1Xtok7GaD4iwer+U/5WpkzJqIlwV2nC09dsRpA==",
      "license": "MIT",
      "dependencies": {
        "@zag-js/anatomy": "1.34.1",
        "@zag-js/core": "1.34.1",
        "@zag-js/dom-query": "1.34.1",
        "@zag-js/types": "1.34.1",
        "@zag-js/utils": "1.34.1"
      }
    },
    "node_modules/@zag-js/tooltip": {
      "version": "1.34.1",
      "resolved": "https://registry.npmjs.org/@zag-js/tooltip/-/tooltip-1.34.1.tgz",
      "integrity": "sha512-3IsEixpaOqZ6ZRSqEabZOp97yHx2uQFFA6Ge9FbJC+gK7clqwoqPJrg79PkBYTBvi0H7JoyRPhImWRSQES2YSA==",
      "license": "MIT",
      "dependencies": {
        "@zag-js/anatomy": "1.34.1",
        "@zag-js/core": "1.34.1",
        "@zag-js/dom-query": "1.34.1",
        "@zag-js/focus-visible": "1.34.1",
        "@zag-js/popper": "1.34.1",
        "@zag-js/types": "1.34.1",
        "@zag-js/utils": "1.34.1"
      }
    },
    "node_modules/@zag-js/tree-view": {
      "version": "1.34.1",
      "resolved": "https://registry.npmjs.org/@zag-js/tree-view/-/tree-view-1.34.1.tgz",
      "integrity": "sha512-ExoUFplWtTyVEGITgAFR2kIaJax/zznPuWVBiWL+Avf7qn0+CCs1b1JOPeGQtqUXk9Fso67uw9BwNQFOxbQelA==",
      "license": "MIT",
      "dependencies": {
        "@zag-js/anatomy": "1.34.1",
        "@zag-js/collection": "1.34.1",
        "@zag-js/core": "1.34.1",
        "@zag-js/dom-query": "1.34.1",
        "@zag-js/types": "1.34.1",
        "@zag-js/utils": "1.34.1"
      }
    },
    "node_modules/@zag-js/types": {
      "version": "1.34.1",
      "resolved": "https://registry.npmjs.org/@zag-js/types/-/types-1.34.1.tgz",
      "integrity": "sha512-DAg2cD5g0PvYGIC08GWa71aSyO2IEGlQCIIdOtmUSN2PdLyRi3IllNHlnDYFCkTGbb0GUunCro8FLvE9Aj2BOA==",
      "license": "MIT",
      "dependencies": {
        "csstype": "3.2.3"
      }
    },
    "node_modules/@zag-js/utils": {
      "version": "1.34.1",
      "resolved": "https://registry.npmjs.org/@zag-js/utils/-/utils-1.34.1.tgz",
      "integrity": "sha512-XgNTbcxPgNkPEuH/s/WUSU3M1mnO7453P53Wvym3dte+zPmqjwf5VT1FmEw8t6YQDBiBkIEKpUnNwR2x/pmZgg==",
      "license": "MIT"
    },
    "node_modules/acorn": {
      "version": "8.16.0",
      "resolved": "https://registry.npmjs.org/acorn/-/acorn-8.16.0.tgz",
      "integrity": "sha512-UVJyE9MttOsBQIDKw1skb9nAwQuR5wuGD3+82K6JgJlm/Y+KI92oNsMNGZCYdDsVtRHSak0pcV5Dno5+4jh9sw==",
      "license": "MIT",
      "peer": true,
      "bin": {
        "acorn": "bin/acorn"
      },
      "engines": {
        "node": ">=0.4.0"
      }
    },
    "node_modules/aria-query": {
      "version": "5.3.1",
      "resolved": "https://registry.npmjs.org/aria-query/-/aria-query-5.3.1.tgz",
      "integrity": "sha512-Z/ZeOgVl7bcSYZ/u/rh0fOpvEpq//LZmdbkXyc7syVzjPAhfOa9ebsdTSjEBDU4vs5nC98Kfduj1uFo0qyET3g==",
      "license": "Apache-2.0",
      "peer": true,
      "engines": {
        "node": ">= 0.4"
      }
    },
    "node_modules/axobject-query": {
      "version": "4.1.0",
      "resolved": "https://registry.npmjs.org/axobject-query/-/axobject-query-4.1.0.tgz",
      "integrity": "sha512-qIj0G9wZbMGNLjLmg1PT6v2mE9AH2zlnADJD/2tC6E00hgmhUOfEB6greHPAfLRSufHqROIUTkw6E+M3lH0PTQ==",
      "license": "Apache-2.0",
      "peer": true,
      "engines": {
        "node": ">= 0.4"
      }
    },
    "node_modules/clsx": {
      "version": "2.1.1",
      "resolved": "https://registry.npmjs.org/clsx/-/clsx-2.1.1.tgz",
      "integrity": "sha512-eYm0QWBtUrBWZWG0d386OGAw16Z995PiOVo2B7bjWSbHedGl5e0ZWaq65kOGgUSNesEIDkB9ISbTg/JK9dhCZA==",
      "license": "MIT",
      "peer": true,
      "engines": {
        "node": ">=6"
      }
    },
    "node_modules/csstype": {
      "version": "3.2.3",
      "resolved": "https://registry.npmjs.org/csstype/-/csstype-3.2.3.tgz",
      "integrity": "sha512-z1HGKcYy2xA8AGQfwrn0PAy+PB7X/GSj3UVJW9qKyn43xWa+gl5nXmU4qqLMRzWVLFC8KusUX8T/0kCiOYpAIQ==",
      "license": "MIT"
    },
    "node_modules/devalue": {
      "version": "5.6.3",
      "resolved": "https://registry.npmjs.org/devalue/-/devalue-5.6.3.tgz",
      "integrity": "sha512-nc7XjUU/2Lb+SvEFVGcWLiKkzfw8+qHI7zn8WYXKkLMgfGSHbgCEaR6bJpev8Cm6Rmrb19Gfd/tZvGqx9is3wg==",
      "license": "MIT",
      "peer": true
    },
    "node_modules/esm-env": {
      "version": "1.2.2",
      "resolved": "https://registry.npmjs.org/esm-env/-/esm-env-1.2.2.tgz",
      "integrity": "sha512-Epxrv+Nr/CaL4ZcFGPJIYLWFom+YeV1DqMLHJoEd9SYRxNbaFruBwfEX/kkHUJf55j2+TUbmDcmuilbP1TmXHA==",
      "license": "MIT",
      "peer": true
    },
    "node_modules/esrap": {
      "version": "2.2.3",
      "resolved": "https://registry.npmjs.org/esrap/-/esrap-2.2.3.tgz",
      "integrity": "sha512-8fOS+GIGCQZl/ZIlhl59htOlms6U8NvX6ZYgYHpRU/b6tVSh3uHkOHZikl3D4cMbYM0JlpBe+p/BkZEi8J9XIQ==",
      "license": "MIT",
      "peer": true,
      "dependencies": {
        "@jridgewell/sourcemap-codec": "^1.4.15"
      }
    },
    "node_modules/is-reference": {
      "version": "3.0.3",
      "resolved": "https://registry.npmjs.org/is-reference/-/is-reference-3.0.3.tgz",
      "integrity": "sha512-ixkJoqQvAP88E6wLydLGGqCJsrFUnqoH6HnaczB8XmDH1oaWU+xxdptvikTgaEhtZ53Ky6YXiBuUI2WXLMCwjw==",
      "license": "MIT",
      "peer": true,
      "dependencies": {
        "@types/estree": "^1.0.6"
      }
    },
    "node_modules/locate-character": {
      "version": "3.0.0",
      "resolved": "https://registry.npmjs.org/locate-character/-/locate-character-3.0.0.tgz",
      "integrity": "sha512-SW13ws7BjaeJ6p7Q6CO2nchbYEc3X3J6WrmTTDto7yMPqVSZTUyY5Tjbid+Ab8gLnATtygYtiDIJGQRRn2ZOiA==",
      "license": "MIT",
      "peer": true
    },
    "node_modules/magic-string": {
      "version": "0.30.21",
      "resolved": "https://registry.npmjs.org/magic-string/-/magic-string-0.30.21.tgz",
      "integrity": "sha512-vd2F4YUyEXKGcLHoq+TEyCjxueSeHnFxyyjNp80yg0XV4vUhnDer/lvvlqM/arB5bXQN5K2/3oinyCRyx8T2CQ==",
      "license": "MIT",
      "peer": true,
      "dependencies": {
        "@jridgewell/sourcemap-codec": "^1.5.5"
      }
    },
    "node_modules/proxy-compare": {
      "version": "3.0.1",
      "resolved": "https://registry.npmjs.org/proxy-compare/-/proxy-compare-3.0.1.tgz",
      "integrity": "sha512-V9plBAt3qjMlS1+nC8771KNf6oJ12gExvaxnNzN/9yVRLdTv/lc+oJlnSzrdYDAvBfTStPCoiaCOTmTs0adv7Q==",
      "license": "MIT"
    },
    "node_modules/svelte": {
      "version": "5.53.10",
      "resolved": "https://registry.npmjs.org/svelte/-/svelte-5.53.10.tgz",
      "integrity": "sha512-UcNfWzbrjvYXYSk+U2hME25kpb87oq6/WVLeBF4khyQrb3Ob/URVlN23khal+RbdCUTMfg4qWjI9KZjCNFtYMQ==",
      "license": "MIT",
      "peer": true,
      "dependencies": {
        "@jridgewell/remapping": "^2.3.4",
        "@jridgewell/sourcemap-codec": "^1.5.0",
        "@sveltejs/acorn-typescript": "^1.0.5",
        "@types/estree": "^1.0.5",
        "@types/trusted-types": "^2.0.7",
        "acorn": "^8.12.1",
        "aria-query": "5.3.1",
        "axobject-query": "^4.1.0",
        "clsx": "^2.1.1",
        "devalue": "^5.6.3",
        "esm-env": "^1.2.1",
        "esrap": "^2.2.2",
        "is-reference": "^3.0.3",
        "locate-character": "^3.0.0",
        "magic-string": "^0.30.11",
        "zimmerframe": "^1.1.2"
      },
      "engines": {
        "node": ">=18"
      }
    },
    "node_modules/tslib": {
      "version": "2.8.1",
      "resolved": "https://registry.npmjs.org/tslib/-/tslib-2.8.1.tgz",
      "integrity": "sha512-oJFu94HQb+KVduSUQL7wnpmqnfmLsOA/nAh6b6EH0wCEoK0/mPeXU6c3wKDV83MkOuHPRHtSXKKU99IBazS/2w==",
      "license": "0BSD"
    },
    "node_modules/zimmerframe": {
      "version": "1.1.4",
      "resolved": "https://registry.npmjs.org/zimmerframe/-/zimmerframe-1.1.4.tgz",
      "integrity": "sha512-B58NGBEoc8Y9MWWCQGl/gq9xBCe4IiKM0a2x7GZdQKOW5Exr8S1W24J6OgM1njK8xCRGvAJIL/MxXHf6SkmQKQ==",
      "license": "MIT",
      "peer": true
    }
  }
}
